// !$*UTF8*$!
{
	archiveVersion = 1;
	classes = {
	};
	objectVersion = 46;
	objects = {

/* Begin PBXBuildFile section */
		540165D91A82B4C0009F3405 /* Contact.swift in Sources */ = {isa = PBXBuildFile; fileRef = 540165D81A82B4C0009F3405 /* Contact.swift */; };
		540B4D621AD17E9600C94C7F /* ContactsViewController.swift in Sources */ = {isa = PBXBuildFile; fileRef = 540B4D611AD17E9600C94C7F /* ContactsViewController.swift */; };
		540C21671A5717E400E9A29A /* Transaction.swift in Sources */ = {isa = PBXBuildFile; fileRef = 540C21661A5717E400E9A29A /* Transaction.swift */; };
		540C218D1A5C855400E9A29A /* keychain.swift in Sources */ = {isa = PBXBuildFile; fileRef = 540C218C1A5C855400E9A29A /* keychain.swift */; };
		5420E9441CC4038E00884368 /* GoogleService-Info.plist in Resources */ = {isa = PBXBuildFile; fileRef = 5420E9431CC4038E00884368 /* GoogleService-Info.plist */; };
		5420E9451CC4038E00884368 /* GoogleService-Info.plist in Resources */ = {isa = PBXBuildFile; fileRef = 5420E9431CC4038E00884368 /* GoogleService-Info.plist */; };
		5420E9481CC7F86800884368 /* MessageViewController.swift in Sources */ = {isa = PBXBuildFile; fileRef = 5420E9471CC7F86800884368 /* MessageViewController.swift */; };
		542970791A93DAF000641F9F /* Contacts.swift in Sources */ = {isa = PBXBuildFile; fileRef = 542970781A93DAF000641F9F /* Contacts.swift */; };
		542A4A7A1A5DEA5100FF865A /* SettingsViewController.swift in Sources */ = {isa = PBXBuildFile; fileRef = 542A4A791A5DEA5100FF865A /* SettingsViewController.swift */; };
		542A4A7F1A5F342700FF865A /* CurrenciesViewController.swift in Sources */ = {isa = PBXBuildFile; fileRef = 542A4A7E1A5F342700FF865A /* CurrenciesViewController.swift */; };
		543FEFD91A518ACE00C18230 /* settings.plist in Resources */ = {isa = PBXBuildFile; fileRef = 543FEFD81A518ACE00C18230 /* settings.plist */; };
		543FEFDB1A541B6200C18230 /* TransactionsViewController.swift in Sources */ = {isa = PBXBuildFile; fileRef = 543FEFDA1A541B6200C18230 /* TransactionsViewController.swift */; };
		543FEFE01A543CBC00C18230 /* Transactions.swift in Sources */ = {isa = PBXBuildFile; fileRef = 543FEFDF1A543CBC00C18230 /* Transactions.swift */; };
		545067EC1B7A9825002F32DC /* ContactViewController.swift in Sources */ = {isa = PBXBuildFile; fileRef = 545067EB1B7A9825002F32DC /* ContactViewController.swift */; };
		545AC3241A90C25000E62E76 /* User.swift in Sources */ = {isa = PBXBuildFile; fileRef = 545AC3231A90C25000E62E76 /* User.swift */; };
		547116D41AC1E4D600214A06 /* IdentifiersViewController.swift in Sources */ = {isa = PBXBuildFile; fileRef = 547116D31AC1E4D600214A06 /* IdentifiersViewController.swift */; };
		547116D61AC2079600214A06 /* UserIdentifier.swift in Sources */ = {isa = PBXBuildFile; fileRef = 547116D51AC2079600214A06 /* UserIdentifier.swift */; };
		54716AEE1AFF750D00F72717 /* Balances.swift in Sources */ = {isa = PBXBuildFile; fileRef = 54716AED1AFF750D00F72717 /* Balances.swift */; };
		54716AF01AFF75C800F72717 /* Balance.swift in Sources */ = {isa = PBXBuildFile; fileRef = 54716AEF1AFF75C800F72717 /* Balance.swift */; };
		54716AF21AFF82E300F72717 /* BalancesViewController.swift in Sources */ = {isa = PBXBuildFile; fileRef = 54716AF11AFF82E300F72717 /* BalancesViewController.swift */; };
		548326401A7E9515004973B7 /* NewUOmeViewController.swift in Sources */ = {isa = PBXBuildFile; fileRef = 5483263F1A7E9515004973B7 /* NewUOmeViewController.swift */; };
		54D4BD071AD0821000AB262B /* Alerts.swift in Sources */ = {isa = PBXBuildFile; fileRef = 54D4BD061AD0821000AB262B /* Alerts.swift */; };
		54D612801BDE648C004E2A7A /* HTTPWrapper.swift in Sources */ = {isa = PBXBuildFile; fileRef = 54D6127F1BDE648C004E2A7A /* HTTPWrapper.swift */; };
		54D612821BDE8D2A004E2A7A /* Error.swift in Sources */ = {isa = PBXBuildFile; fileRef = 54D612811BDE8D2A004E2A7A /* Error.swift */; };
		54D612841BDEABE8004E2A7A /* Login.swift in Sources */ = {isa = PBXBuildFile; fileRef = 54D612831BDEABE8004E2A7A /* Login.swift */; };
		54DF03691A5597020078AE8B /* TransactionsCell.swift in Sources */ = {isa = PBXBuildFile; fileRef = 54DF03681A5597020078AE8B /* TransactionsCell.swift */; };
		54DF036E1A55A9E20078AE8B /* generalFunctions.swift in Sources */ = {isa = PBXBuildFile; fileRef = 54DF036D1A55A9E20078AE8B /* generalFunctions.swift */; };
		54E48ACC1B810CF300667615 /* AcceptMemosViewController.swift in Sources */ = {isa = PBXBuildFile; fileRef = 54E48ACB1B810CF300667615 /* AcceptMemosViewController.swift */; };
		54EA13691A9691A500654E84 /* NewUOmeAddressBook.xib in Resources */ = {isa = PBXBuildFile; fileRef = 54EA13681A9691A500654E84 /* NewUOmeAddressBook.xib */; };
		54EA136B1A96980900654E84 /* NewUOmeAddressBook.swift in Sources */ = {isa = PBXBuildFile; fileRef = 54EA136A1A96980900654E84 /* NewUOmeAddressBook.swift */; };
		54EA37D61BDC109E00EFED87 /* TabBarController.swift in Sources */ = {isa = PBXBuildFile; fileRef = 54EA37D51BDC109E00EFED87 /* TabBarController.swift */; };
		54EA444C1B12546400FF81C0 /* KeyboardLayoutConstraint.swift in Sources */ = {isa = PBXBuildFile; fileRef = 54EA444B1B12546400FF81C0 /* KeyboardLayoutConstraint.swift */; };
		54F9EA471A0831D7009DC930 /* AppDelegate.swift in Sources */ = {isa = PBXBuildFile; fileRef = 54F9EA461A0831D7009DC930 /* AppDelegate.swift */; };
		54F9EA491A0831D7009DC930 /* LoginViewController.swift in Sources */ = {isa = PBXBuildFile; fileRef = 54F9EA481A0831D7009DC930 /* LoginViewController.swift */; };
		54F9EA4C1A0831D7009DC930 /* Main.storyboard in Resources */ = {isa = PBXBuildFile; fileRef = 54F9EA4A1A0831D7009DC930 /* Main.storyboard */; };
		54F9EA4E1A0831D7009DC930 /* Images.xcassets in Resources */ = {isa = PBXBuildFile; fileRef = 54F9EA4D1A0831D7009DC930 /* Images.xcassets */; };
		54F9EA511A0831D7009DC930 /* LaunchScreen.xib in Resources */ = {isa = PBXBuildFile; fileRef = 54F9EA4F1A0831D7009DC930 /* LaunchScreen.xib */; };
		54F9EA5D1A0831D7009DC930 /* UOlessTests.swift in Sources */ = {isa = PBXBuildFile; fileRef = 54F9EA5C1A0831D7009DC930 /* UOlessTests.swift */; };
		54FFD8871B9B75B900B352B8 /* LimitsViewController.swift in Sources */ = {isa = PBXBuildFile; fileRef = 54FFD8861B9B75B900B352B8 /* LimitsViewController.swift */; };
		E19386DBDBC83F623BAEDF95 /* Pods.framework in Frameworks */ = {isa = PBXBuildFile; fileRef = 57AF42DAE021249DE926A0BD /* Pods.framework */; };
/* End PBXBuildFile section */

/* Begin PBXContainerItemProxy section */
		54F9EA571A0831D7009DC930 /* PBXContainerItemProxy */ = {
			isa = PBXContainerItemProxy;
			containerPortal = 54F9EA391A0831D7009DC930 /* Project object */;
			proxyType = 1;
			remoteGlobalIDString = 54F9EA401A0831D7009DC930;
			remoteInfo = UOless;
		};
/* End PBXContainerItemProxy section */

/* Begin PBXFileReference section */
		215E8C80B2C09993400EE9F6 /* Pods.release.xcconfig */ = {isa = PBXFileReference; includeInIndex = 1; lastKnownFileType = text.xcconfig; name = Pods.release.xcconfig; path = "Pods/Target Support Files/Pods/Pods.release.xcconfig"; sourceTree = "<group>"; };
		29F2E7F0C34C2A0CF88A76C6 /* Pods.debug.xcconfig */ = {isa = PBXFileReference; includeInIndex = 1; lastKnownFileType = text.xcconfig; name = Pods.debug.xcconfig; path = "Pods/Target Support Files/Pods/Pods.debug.xcconfig"; sourceTree = "<group>"; };
		540165D81A82B4C0009F3405 /* Contact.swift */ = {isa = PBXFileReference; fileEncoding = 4; lastKnownFileType = sourcecode.swift; lineEnding = 0; path = Contact.swift; sourceTree = "<group>"; xcLanguageSpecificationIdentifier = xcode.lang.swift; };
		540B4D611AD17E9600C94C7F /* ContactsViewController.swift */ = {isa = PBXFileReference; fileEncoding = 4; lastKnownFileType = sourcecode.swift; lineEnding = 0; path = ContactsViewController.swift; sourceTree = "<group>"; xcLanguageSpecificationIdentifier = xcode.lang.swift; };
		540C21661A5717E400E9A29A /* Transaction.swift */ = {isa = PBXFileReference; fileEncoding = 4; lastKnownFileType = sourcecode.swift; path = Transaction.swift; sourceTree = "<group>"; };
		540C218C1A5C855400E9A29A /* keychain.swift */ = {isa = PBXFileReference; fileEncoding = 4; lastKnownFileType = sourcecode.swift; path = keychain.swift; sourceTree = "<group>"; };
		5420E9431CC4038E00884368 /* GoogleService-Info.plist */ = {isa = PBXFileReference; fileEncoding = 4; lastKnownFileType = text.plist.xml; path = "GoogleService-Info.plist"; sourceTree = "<group>"; };
		5420E9461CC4046700884368 /* Bridging-Header.h */ = {isa = PBXFileReference; fileEncoding = 4; lastKnownFileType = sourcecode.c.h; path = "Bridging-Header.h"; sourceTree = "<group>"; };
		5420E9471CC7F86800884368 /* MessageViewController.swift */ = {isa = PBXFileReference; fileEncoding = 4; lastKnownFileType = sourcecode.swift; path = MessageViewController.swift; sourceTree = "<group>"; };
		542970781A93DAF000641F9F /* Contacts.swift */ = {isa = PBXFileReference; fileEncoding = 4; lastKnownFileType = sourcecode.swift; lineEnding = 0; path = Contacts.swift; sourceTree = "<group>"; xcLanguageSpecificationIdentifier = xcode.lang.swift; };
		542A4A791A5DEA5100FF865A /* SettingsViewController.swift */ = {isa = PBXFileReference; fileEncoding = 4; lastKnownFileType = sourcecode.swift; name = SettingsViewController.swift; path = ../SettingsViewController.swift; sourceTree = "<group>"; };
		542A4A7E1A5F342700FF865A /* CurrenciesViewController.swift */ = {isa = PBXFileReference; fileEncoding = 4; lastKnownFileType = sourcecode.swift; path = CurrenciesViewController.swift; sourceTree = "<group>"; };
		543FEFD81A518ACE00C18230 /* settings.plist */ = {isa = PBXFileReference; fileEncoding = 4; lastKnownFileType = text.plist.xml; path = settings.plist; sourceTree = "<group>"; };
		543FEFDA1A541B6200C18230 /* TransactionsViewController.swift */ = {isa = PBXFileReference; fileEncoding = 4; lastKnownFileType = sourcecode.swift; path = TransactionsViewController.swift; sourceTree = "<group>"; };
		543FEFDF1A543CBC00C18230 /* Transactions.swift */ = {isa = PBXFileReference; fileEncoding = 4; lastKnownFileType = sourcecode.swift; lineEnding = 0; path = Transactions.swift; sourceTree = "<group>"; xcLanguageSpecificationIdentifier = xcode.lang.swift; };
		545067EB1B7A9825002F32DC /* ContactViewController.swift */ = {isa = PBXFileReference; fileEncoding = 4; lastKnownFileType = sourcecode.swift; lineEnding = 0; path = ContactViewController.swift; sourceTree = "<group>"; xcLanguageSpecificationIdentifier = xcode.lang.swift; };
		545AC3231A90C25000E62E76 /* User.swift */ = {isa = PBXFileReference; fileEncoding = 4; lastKnownFileType = sourcecode.swift; lineEnding = 0; path = User.swift; sourceTree = "<group>"; xcLanguageSpecificationIdentifier = xcode.lang.swift; };
		547116D31AC1E4D600214A06 /* IdentifiersViewController.swift */ = {isa = PBXFileReference; fileEncoding = 4; lastKnownFileType = sourcecode.swift; lineEnding = 0; path = IdentifiersViewController.swift; sourceTree = "<group>"; xcLanguageSpecificationIdentifier = xcode.lang.swift; };
		547116D51AC2079600214A06 /* UserIdentifier.swift */ = {isa = PBXFileReference; fileEncoding = 4; lastKnownFileType = sourcecode.swift; path = UserIdentifier.swift; sourceTree = "<group>"; };
		54716AED1AFF750D00F72717 /* Balances.swift */ = {isa = PBXFileReference; fileEncoding = 4; lastKnownFileType = sourcecode.swift; lineEnding = 0; path = Balances.swift; sourceTree = "<group>"; xcLanguageSpecificationIdentifier = xcode.lang.swift; };
		54716AEF1AFF75C800F72717 /* Balance.swift */ = {isa = PBXFileReference; fileEncoding = 4; lastKnownFileType = sourcecode.swift; path = Balance.swift; sourceTree = "<group>"; };
		54716AF11AFF82E300F72717 /* BalancesViewController.swift */ = {isa = PBXFileReference; fileEncoding = 4; lastKnownFileType = sourcecode.swift; lineEnding = 0; path = BalancesViewController.swift; sourceTree = "<group>"; xcLanguageSpecificationIdentifier = xcode.lang.swift; };
		5483263F1A7E9515004973B7 /* NewUOmeViewController.swift */ = {isa = PBXFileReference; fileEncoding = 4; lastKnownFileType = sourcecode.swift; lineEnding = 0; path = NewUOmeViewController.swift; sourceTree = "<group>"; xcLanguageSpecificationIdentifier = xcode.lang.swift; };
		54D4BD061AD0821000AB262B /* Alerts.swift */ = {isa = PBXFileReference; fileEncoding = 4; lastKnownFileType = sourcecode.swift; lineEnding = 0; path = Alerts.swift; sourceTree = "<group>"; xcLanguageSpecificationIdentifier = xcode.lang.swift; };
		54D6127F1BDE648C004E2A7A /* HTTPWrapper.swift */ = {isa = PBXFileReference; fileEncoding = 4; lastKnownFileType = sourcecode.swift; lineEnding = 0; path = HTTPWrapper.swift; sourceTree = "<group>"; xcLanguageSpecificationIdentifier = xcode.lang.swift; };
		54D612811BDE8D2A004E2A7A /* Error.swift */ = {isa = PBXFileReference; fileEncoding = 4; lastKnownFileType = sourcecode.swift; path = Error.swift; sourceTree = "<group>"; };
		54D612831BDEABE8004E2A7A /* Login.swift */ = {isa = PBXFileReference; fileEncoding = 4; lastKnownFileType = sourcecode.swift; path = Login.swift; sourceTree = "<group>"; };
		54DF03681A5597020078AE8B /* TransactionsCell.swift */ = {isa = PBXFileReference; fileEncoding = 4; lastKnownFileType = sourcecode.swift; path = TransactionsCell.swift; sourceTree = "<group>"; };
		54DF036D1A55A9E20078AE8B /* generalFunctions.swift */ = {isa = PBXFileReference; fileEncoding = 4; lastKnownFileType = sourcecode.swift; path = generalFunctions.swift; sourceTree = "<group>"; };
		54E48ACB1B810CF300667615 /* AcceptMemosViewController.swift */ = {isa = PBXFileReference; fileEncoding = 4; lastKnownFileType = sourcecode.swift; path = AcceptMemosViewController.swift; sourceTree = "<group>"; };
		54EA13681A9691A500654E84 /* NewUOmeAddressBook.xib */ = {isa = PBXFileReference; fileEncoding = 4; lastKnownFileType = file.xib; path = NewUOmeAddressBook.xib; sourceTree = "<group>"; };
		54EA136A1A96980900654E84 /* NewUOmeAddressBook.swift */ = {isa = PBXFileReference; fileEncoding = 4; lastKnownFileType = sourcecode.swift; lineEnding = 0; path = NewUOmeAddressBook.swift; sourceTree = "<group>"; xcLanguageSpecificationIdentifier = xcode.lang.swift; };
		54EA37D51BDC109E00EFED87 /* TabBarController.swift */ = {isa = PBXFileReference; fileEncoding = 4; lastKnownFileType = sourcecode.swift; path = TabBarController.swift; sourceTree = "<group>"; };
		54EA444B1B12546400FF81C0 /* KeyboardLayoutConstraint.swift */ = {isa = PBXFileReference; fileEncoding = 4; lastKnownFileType = sourcecode.swift; path = KeyboardLayoutConstraint.swift; sourceTree = "<group>"; };
		54F9EA411A0831D7009DC930 /* SettlePad.app */ = {isa = PBXFileReference; explicitFileType = wrapper.application; includeInIndex = 0; path = SettlePad.app; sourceTree = BUILT_PRODUCTS_DIR; };
		54F9EA451A0831D7009DC930 /* Info.plist */ = {isa = PBXFileReference; lastKnownFileType = text.plist.xml; path = Info.plist; sourceTree = "<group>"; };
		54F9EA461A0831D7009DC930 /* AppDelegate.swift */ = {isa = PBXFileReference; lastKnownFileType = sourcecode.swift; lineEnding = 0; path = AppDelegate.swift; sourceTree = "<group>"; xcLanguageSpecificationIdentifier = xcode.lang.swift; };
		54F9EA481A0831D7009DC930 /* LoginViewController.swift */ = {isa = PBXFileReference; lastKnownFileType = sourcecode.swift; path = LoginViewController.swift; sourceTree = "<group>"; };
		54F9EA4B1A0831D7009DC930 /* Base */ = {isa = PBXFileReference; lastKnownFileType = file.storyboard; name = Base; path = Base.lproj/Main.storyboard; sourceTree = "<group>"; };
		54F9EA4D1A0831D7009DC930 /* Images.xcassets */ = {isa = PBXFileReference; lastKnownFileType = folder.assetcatalog; path = Images.xcassets; sourceTree = "<group>"; };
		54F9EA501A0831D7009DC930 /* Base */ = {isa = PBXFileReference; lastKnownFileType = file.xib; name = Base; path = Base.lproj/LaunchScreen.xib; sourceTree = "<group>"; };
		54F9EA561A0831D7009DC930 /* SettlePadTests.xctest */ = {isa = PBXFileReference; explicitFileType = wrapper.cfbundle; includeInIndex = 0; path = SettlePadTests.xctest; sourceTree = BUILT_PRODUCTS_DIR; };
		54F9EA5B1A0831D7009DC930 /* Info.plist */ = {isa = PBXFileReference; lastKnownFileType = text.plist.xml; path = Info.plist; sourceTree = "<group>"; };
		54F9EA5C1A0831D7009DC930 /* UOlessTests.swift */ = {isa = PBXFileReference; lastKnownFileType = sourcecode.swift; path = UOlessTests.swift; sourceTree = "<group>"; };
		54FFD8861B9B75B900B352B8 /* LimitsViewController.swift */ = {isa = PBXFileReference; fileEncoding = 4; lastKnownFileType = sourcecode.swift; lineEnding = 0; path = LimitsViewController.swift; sourceTree = "<group>"; xcLanguageSpecificationIdentifier = xcode.lang.swift; };
		57AF42DAE021249DE926A0BD /* Pods.framework */ = {isa = PBXFileReference; explicitFileType = wrapper.framework; includeInIndex = 0; path = Pods.framework; sourceTree = BUILT_PRODUCTS_DIR; };
/* End PBXFileReference section */

/* Begin PBXFrameworksBuildPhase section */
		54F9EA3E1A0831D7009DC930 /* Frameworks */ = {
			isa = PBXFrameworksBuildPhase;
			buildActionMask = 2147483647;
			files = (
				E19386DBDBC83F623BAEDF95 /* Pods.framework in Frameworks */,
			);
			runOnlyForDeploymentPostprocessing = 0;
		};
		54F9EA531A0831D7009DC930 /* Frameworks */ = {
			isa = PBXFrameworksBuildPhase;
			buildActionMask = 2147483647;
			files = (
			);
			runOnlyForDeploymentPostprocessing = 0;
		};
/* End PBXFrameworksBuildPhase section */

/* Begin PBXGroup section */
		42BED5B4EFF09EFEFBC174AF /* Frameworks */ = {
			isa = PBXGroup;
			children = (
				57AF42DAE021249DE926A0BD /* Pods.framework */,
			);
			name = Frameworks;
			sourceTree = "<group>";
		};
		542A4A811A6BDFDF00FF865A /* General functions */ = {
			isa = PBXGroup;
			children = (
				54EA444B1B12546400FF81C0 /* KeyboardLayoutConstraint.swift */,
				54D4BD061AD0821000AB262B /* Alerts.swift */,
				54DF036D1A55A9E20078AE8B /* generalFunctions.swift */,
				540C218C1A5C855400E9A29A /* keychain.swift */,
			);
			name = "General functions";
			sourceTree = "<group>";
		};
		54D6127E1BDD175E004E2A7A /* UserSpecific */ = {
			isa = PBXGroup;
			children = (
				54716AEF1AFF75C800F72717 /* Balance.swift */,
				54716AED1AFF750D00F72717 /* Balances.swift */,
				540165D81A82B4C0009F3405 /* Contact.swift */,
				542970781A93DAF000641F9F /* Contacts.swift */,
				540C21661A5717E400E9A29A /* Transaction.swift */,
				543FEFDF1A543CBC00C18230 /* Transactions.swift */,
				545AC3231A90C25000E62E76 /* User.swift */,
				547116D51AC2079600214A06 /* UserIdentifier.swift */,
			);
			name = UserSpecific;
			sourceTree = "<group>";
		};
		54DF03661A55939E0078AE8B /* ViewControllers */ = {
			isa = PBXGroup;
			children = (
				545067EB1B7A9825002F32DC /* ContactViewController.swift */,
				54E48ACB1B810CF300667615 /* AcceptMemosViewController.swift */,
				54FFD8861B9B75B900B352B8 /* LimitsViewController.swift */,
				5420E9471CC7F86800884368 /* MessageViewController.swift */,
				54F9EA481A0831D7009DC930 /* LoginViewController.swift */,
				542A4A791A5DEA5100FF865A /* SettingsViewController.swift */,
				542A4A7E1A5F342700FF865A /* CurrenciesViewController.swift */,
				547116D31AC1E4D600214A06 /* IdentifiersViewController.swift */,
				543FEFDA1A541B6200C18230 /* TransactionsViewController.swift */,
				54716AF11AFF82E300F72717 /* BalancesViewController.swift */,
				5483263F1A7E9515004973B7 /* NewUOmeViewController.swift */,
				540B4D611AD17E9600C94C7F /* ContactsViewController.swift */,
				54EA37D51BDC109E00EFED87 /* TabBarController.swift */,
			);
			name = ViewControllers;
			sourceTree = "<group>";
		};
		54DF03671A5593A90078AE8B /* API */ = {
			isa = PBXGroup;
			children = (
				54D612811BDE8D2A004E2A7A /* Error.swift */,
				54D6127F1BDE648C004E2A7A /* HTTPWrapper.swift */,
				54D612831BDEABE8004E2A7A /* Login.swift */,
				54D6127E1BDD175E004E2A7A /* UserSpecific */,
			);
			name = API;
			sourceTree = "<group>";
		};
		54DF036A1A5597060078AE8B /* ViewClasses */ = {
			isa = PBXGroup;
			children = (
				54EA13681A9691A500654E84 /* NewUOmeAddressBook.xib */,
				54EA136A1A96980900654E84 /* NewUOmeAddressBook.swift */,
				54DF03681A5597020078AE8B /* TransactionsCell.swift */,
			);
			name = ViewClasses;
			sourceTree = "<group>";
		};
		54F9EA381A0831D7009DC930 = {
			isa = PBXGroup;
			children = (
				54F9EA431A0831D7009DC930 /* SettlePad */,
				54F9EA591A0831D7009DC930 /* UOlessTests */,
				54F9EA421A0831D7009DC930 /* Products */,
				6203A296C4C9D2322FB5848D /* Pods */,
				42BED5B4EFF09EFEFBC174AF /* Frameworks */,
			);
			sourceTree = "<group>";
			usesTabs = 1;
		};
		54F9EA421A0831D7009DC930 /* Products */ = {
			isa = PBXGroup;
			children = (
				54F9EA411A0831D7009DC930 /* SettlePad.app */,
				54F9EA561A0831D7009DC930 /* SettlePadTests.xctest */,
			);
			name = Products;
			sourceTree = "<group>";
		};
		54F9EA431A0831D7009DC930 /* SettlePad */ = {
			isa = PBXGroup;
			children = (
				542A4A811A6BDFDF00FF865A /* General functions */,
				54DF03671A5593A90078AE8B /* API */,
				54DF03661A55939E0078AE8B /* ViewControllers */,
				54DF036A1A5597060078AE8B /* ViewClasses */,
				54F9EA4A1A0831D7009DC930 /* Main.storyboard */,
				54F9EA461A0831D7009DC930 /* AppDelegate.swift */,
				54F9EA4D1A0831D7009DC930 /* Images.xcassets */,
				54F9EA4F1A0831D7009DC930 /* LaunchScreen.xib */,
				54F9EA441A0831D7009DC930 /* Supporting Files */,
			);
			path = SettlePad;
			sourceTree = "<group>";
		};
		54F9EA441A0831D7009DC930 /* Supporting Files */ = {
			isa = PBXGroup;
			children = (
				54F9EA451A0831D7009DC930 /* Info.plist */,
				5420E9461CC4046700884368 /* Bridging-Header.h */,
				5420E9431CC4038E00884368 /* GoogleService-Info.plist */,
				543FEFD81A518ACE00C18230 /* settings.plist */,
			);
			name = "Supporting Files";
			sourceTree = "<group>";
		};
		54F9EA591A0831D7009DC930 /* UOlessTests */ = {
			isa = PBXGroup;
			children = (
				54F9EA5C1A0831D7009DC930 /* UOlessTests.swift */,
				54F9EA5A1A0831D7009DC930 /* Supporting Files */,
			);
			name = UOlessTests;
			path = SettlePadTests;
			sourceTree = "<group>";
		};
		54F9EA5A1A0831D7009DC930 /* Supporting Files */ = {
			isa = PBXGroup;
			children = (
				54F9EA5B1A0831D7009DC930 /* Info.plist */,
			);
			name = "Supporting Files";
			sourceTree = "<group>";
		};
		6203A296C4C9D2322FB5848D /* Pods */ = {
			isa = PBXGroup;
			children = (
				29F2E7F0C34C2A0CF88A76C6 /* Pods.debug.xcconfig */,
				215E8C80B2C09993400EE9F6 /* Pods.release.xcconfig */,
			);
			name = Pods;
			sourceTree = "<group>";
		};
/* End PBXGroup section */

/* Begin PBXNativeTarget section */
		54F9EA401A0831D7009DC930 /* SettlePad */ = {
			isa = PBXNativeTarget;
			buildConfigurationList = 54F9EA601A0831D7009DC930 /* Build configuration list for PBXNativeTarget "SettlePad" */;
			buildPhases = (
				444E6421A91C25BDD0E7B5F0 /* Check Pods Manifest.lock */,
				54F9EA3D1A0831D7009DC930 /* Sources */,
				54F9EA3E1A0831D7009DC930 /* Frameworks */,
				54F9EA3F1A0831D7009DC930 /* Resources */,
				0880D7EA3FB048A93C5EF4C2 /* Embed Pods Frameworks */,
				2FC6458F3904009CB98F8EEC /* Copy Pods Resources */,
				5420E9491CC8268C00884368 /* ShellScript */,
			);
			buildRules = (
			);
			dependencies = (
			);
			name = SettlePad;
			productName = UOless;
			productReference = 54F9EA411A0831D7009DC930 /* SettlePad.app */;
			productType = "com.apple.product-type.application";
		};
		54F9EA551A0831D7009DC930 /* SettlePadTests */ = {
			isa = PBXNativeTarget;
			buildConfigurationList = 54F9EA631A0831D7009DC930 /* Build configuration list for PBXNativeTarget "SettlePadTests" */;
			buildPhases = (
				54F9EA521A0831D7009DC930 /* Sources */,
				54F9EA531A0831D7009DC930 /* Frameworks */,
				54F9EA541A0831D7009DC930 /* Resources */,
			);
			buildRules = (
			);
			dependencies = (
				54F9EA581A0831D7009DC930 /* PBXTargetDependency */,
			);
			name = SettlePadTests;
			productName = UOlessTests;
			productReference = 54F9EA561A0831D7009DC930 /* SettlePadTests.xctest */;
			productType = "com.apple.product-type.bundle.unit-test";
		};
/* End PBXNativeTarget section */

/* Begin PBXProject section */
		54F9EA391A0831D7009DC930 /* Project object */ = {
			isa = PBXProject;
			attributes = {
				LastSwiftMigration = 0700;
				LastSwiftUpdateCheck = 0700;
				LastUpgradeCheck = 0700;
				ORGANIZATIONNAME = SettlePad;
				TargetAttributes = {
					54F9EA401A0831D7009DC930 = {
						CreatedOnToolsVersion = 6.1;
						DevelopmentTeam = F87J9Y6269;
					};
					54F9EA551A0831D7009DC930 = {
						CreatedOnToolsVersion = 6.1;
						DevelopmentTeam = F87J9Y6269;
						TestTargetID = 54F9EA401A0831D7009DC930;
					};
				};
			};
			buildConfigurationList = 54F9EA3C1A0831D7009DC930 /* Build configuration list for PBXProject "SettlePad" */;
			compatibilityVersion = "Xcode 3.2";
			developmentRegion = English;
			hasScannedForEncodings = 0;
			knownRegions = (
				en,
				Base,
			);
			mainGroup = 54F9EA381A0831D7009DC930;
			productRefGroup = 54F9EA421A0831D7009DC930 /* Products */;
			projectDirPath = "";
			projectRoot = "";
			targets = (
				54F9EA401A0831D7009DC930 /* SettlePad */,
				54F9EA551A0831D7009DC930 /* SettlePadTests */,
			);
		};
/* End PBXProject section */

/* Begin PBXResourcesBuildPhase section */
		54F9EA3F1A0831D7009DC930 /* Resources */ = {
			isa = PBXResourcesBuildPhase;
			buildActionMask = 2147483647;
			files = (
				54EA13691A9691A500654E84 /* NewUOmeAddressBook.xib in Resources */,
				54F9EA4C1A0831D7009DC930 /* Main.storyboard in Resources */,
				543FEFD91A518ACE00C18230 /* settings.plist in Resources */,
				54F9EA511A0831D7009DC930 /* LaunchScreen.xib in Resources */,
				54F9EA4E1A0831D7009DC930 /* Images.xcassets in Resources */,
				5420E9441CC4038E00884368 /* GoogleService-Info.plist in Resources */,
			);
			runOnlyForDeploymentPostprocessing = 0;
		};
		54F9EA541A0831D7009DC930 /* Resources */ = {
			isa = PBXResourcesBuildPhase;
			buildActionMask = 2147483647;
			files = (
				5420E9451CC4038E00884368 /* GoogleService-Info.plist in Resources */,
			);
			runOnlyForDeploymentPostprocessing = 0;
		};
/* End PBXResourcesBuildPhase section */

/* Begin PBXShellScriptBuildPhase section */
		0880D7EA3FB048A93C5EF4C2 /* Embed Pods Frameworks */ = {
			isa = PBXShellScriptBuildPhase;
			buildActionMask = 2147483647;
			files = (
			);
			inputPaths = (
			);
			name = "Embed Pods Frameworks";
			outputPaths = (
			);
			runOnlyForDeploymentPostprocessing = 0;
			shellPath = /bin/sh;
			shellScript = "\"${SRCROOT}/Pods/Target Support Files/Pods/Pods-frameworks.sh\"\n";
			showEnvVarsInLog = 0;
		};
		2FC6458F3904009CB98F8EEC /* Copy Pods Resources */ = {
			isa = PBXShellScriptBuildPhase;
			buildActionMask = 2147483647;
			files = (
			);
			inputPaths = (
			);
			name = "Copy Pods Resources";
			outputPaths = (
			);
			runOnlyForDeploymentPostprocessing = 0;
			shellPath = /bin/sh;
			shellScript = "\"${SRCROOT}/Pods/Target Support Files/Pods/Pods-resources.sh\"\n";
			showEnvVarsInLog = 0;
		};
		444E6421A91C25BDD0E7B5F0 /* Check Pods Manifest.lock */ = {
			isa = PBXShellScriptBuildPhase;
			buildActionMask = 2147483647;
			files = (
			);
			inputPaths = (
			);
			name = "Check Pods Manifest.lock";
			outputPaths = (
			);
			runOnlyForDeploymentPostprocessing = 0;
			shellPath = /bin/sh;
			shellScript = "diff \"${PODS_ROOT}/../Podfile.lock\" \"${PODS_ROOT}/Manifest.lock\" > /dev/null\nif [[ $? != 0 ]] ; then\n    cat << EOM\nerror: The sandbox is not in sync with the Podfile.lock. Run 'pod install' or update your CocoaPods installation.\nEOM\n    exit 1\nfi\n";
			showEnvVarsInLog = 0;
		};
		5420E9491CC8268C00884368 /* ShellScript */ = {
			isa = PBXShellScriptBuildPhase;
			buildActionMask = 2147483647;
			files = (
			);
			inputPaths = (
			);
			outputPaths = (
			);
			runOnlyForDeploymentPostprocessing = 0;
			shellPath = /bin/sh;
			shellScript = "\"${PODS_ROOT}/Fabric/run\" 61f02d21ba5cf4edeb97019a660d3853958458fa 5bcaaa85785232599acbc5d8b52177848103b9314dc3e79761e4b7df89bd5b1d";
		};
/* End PBXShellScriptBuildPhase section */

/* Begin PBXSourcesBuildPhase section */
		54F9EA3D1A0831D7009DC930 /* Sources */ = {
			isa = PBXSourcesBuildPhase;
			buildActionMask = 2147483647;
			files = (
				54DF036E1A55A9E20078AE8B /* generalFunctions.swift in Sources */,
				54EA444C1B12546400FF81C0 /* KeyboardLayoutConstraint.swift in Sources */,
				543FEFE01A543CBC00C18230 /* Transactions.swift in Sources */,
				54D4BD071AD0821000AB262B /* Alerts.swift in Sources */,
				542970791A93DAF000641F9F /* Contacts.swift in Sources */,
				542A4A7F1A5F342700FF865A /* CurrenciesViewController.swift in Sources */,
				54FFD8871B9B75B900B352B8 /* LimitsViewController.swift in Sources */,
				54F9EA491A0831D7009DC930 /* LoginViewController.swift in Sources */,
				540165D91A82B4C0009F3405 /* Contact.swift in Sources */,
				54716AF21AFF82E300F72717 /* BalancesViewController.swift in Sources */,
				54E48ACC1B810CF300667615 /* AcceptMemosViewController.swift in Sources */,
				54EA136B1A96980900654E84 /* NewUOmeAddressBook.swift in Sources */,
				54D612821BDE8D2A004E2A7A /* Error.swift in Sources */,
				545067EC1B7A9825002F32DC /* ContactViewController.swift in Sources */,
				54F9EA471A0831D7009DC930 /* AppDelegate.swift in Sources */,
				545AC3241A90C25000E62E76 /* User.swift in Sources */,
				543FEFDB1A541B6200C18230 /* TransactionsViewController.swift in Sources */,
				54716AF01AFF75C800F72717 /* Balance.swift in Sources */,
				547116D41AC1E4D600214A06 /* IdentifiersViewController.swift in Sources */,
				54DF03691A5597020078AE8B /* TransactionsCell.swift in Sources */,
				540B4D621AD17E9600C94C7F /* ContactsViewController.swift in Sources */,
				547116D61AC2079600214A06 /* UserIdentifier.swift in Sources */,
				540C218D1A5C855400E9A29A /* keychain.swift in Sources */,
				54EA37D61BDC109E00EFED87 /* TabBarController.swift in Sources */,
				54716AEE1AFF750D00F72717 /* Balances.swift in Sources */,
				5420E9481CC7F86800884368 /* MessageViewController.swift in Sources */,
				54D612801BDE648C004E2A7A /* HTTPWrapper.swift in Sources */,
				540C21671A5717E400E9A29A /* Transaction.swift in Sources */,
				542A4A7A1A5DEA5100FF865A /* SettingsViewController.swift in Sources */,
				548326401A7E9515004973B7 /* NewUOmeViewController.swift in Sources */,
				54D612841BDEABE8004E2A7A /* Login.swift in Sources */,
			);
			runOnlyForDeploymentPostprocessing = 0;
		};
		54F9EA521A0831D7009DC930 /* Sources */ = {
			isa = PBXSourcesBuildPhase;
			buildActionMask = 2147483647;
			files = (
				54F9EA5D1A0831D7009DC930 /* UOlessTests.swift in Sources */,
			);
			runOnlyForDeploymentPostprocessing = 0;
		};
/* End PBXSourcesBuildPhase section */

/* Begin PBXTargetDependency section */
		54F9EA581A0831D7009DC930 /* PBXTargetDependency */ = {
			isa = PBXTargetDependency;
			target = 54F9EA401A0831D7009DC930 /* SettlePad */;
			targetProxy = 54F9EA571A0831D7009DC930 /* PBXContainerItemProxy */;
		};
/* End PBXTargetDependency section */

/* Begin PBXVariantGroup section */
		54F9EA4A1A0831D7009DC930 /* Main.storyboard */ = {
			isa = PBXVariantGroup;
			children = (
				54F9EA4B1A0831D7009DC930 /* Base */,
			);
			name = Main.storyboard;
			sourceTree = "<group>";
		};
		54F9EA4F1A0831D7009DC930 /* LaunchScreen.xib */ = {
			isa = PBXVariantGroup;
			children = (
				54F9EA501A0831D7009DC930 /* Base */,
			);
			name = LaunchScreen.xib;
			sourceTree = "<group>";
		};
/* End PBXVariantGroup section */

/* Begin XCBuildConfiguration section */
		54F9EA5E1A0831D7009DC930 /* Debug */ = {
			isa = XCBuildConfiguration;
			buildSettings = {
				ALWAYS_SEARCH_USER_PATHS = NO;
				CLANG_CXX_LANGUAGE_STANDARD = "gnu++0x";
				CLANG_CXX_LIBRARY = "libc++";
				CLANG_ENABLE_MODULES = YES;
				CLANG_ENABLE_OBJC_ARC = YES;
				CLANG_WARN_BOOL_CONVERSION = YES;
				CLANG_WARN_CONSTANT_CONVERSION = YES;
				CLANG_WARN_DIRECT_OBJC_ISA_USAGE = YES_ERROR;
				CLANG_WARN_EMPTY_BODY = YES;
				CLANG_WARN_ENUM_CONVERSION = YES;
				CLANG_WARN_INT_CONVERSION = YES;
				CLANG_WARN_OBJC_ROOT_CLASS = YES_ERROR;
				CLANG_WARN_UNREACHABLE_CODE = YES;
				CLANG_WARN__DUPLICATE_METHOD_MATCH = YES;
				"CODE_SIGN_IDENTITY[sdk=iphoneos*]" = "iPhone Developer";
				COPY_PHASE_STRIP = NO;
				ENABLE_STRICT_OBJC_MSGSEND = YES;
				ENABLE_TESTABILITY = YES;
				GCC_C_LANGUAGE_STANDARD = gnu99;
				GCC_DYNAMIC_NO_PIC = NO;
				GCC_OPTIMIZATION_LEVEL = 0;
				GCC_PREPROCESSOR_DEFINITIONS = (
					"DEBUG=1",
					"$(inherited)",
				);
				GCC_SYMBOLS_PRIVATE_EXTERN = NO;
				GCC_WARN_64_TO_32_BIT_CONVERSION = YES;
				GCC_WARN_ABOUT_RETURN_TYPE = YES_ERROR;
				GCC_WARN_UNDECLARED_SELECTOR = YES;
				GCC_WARN_UNINITIALIZED_AUTOS = YES_AGGRESSIVE;
				GCC_WARN_UNUSED_FUNCTION = YES;
				GCC_WARN_UNUSED_VARIABLE = YES;
				IPHONEOS_DEPLOYMENT_TARGET = 8.1;
				MTL_ENABLE_DEBUG_INFO = YES;
				ONLY_ACTIVE_ARCH = YES;
				SDKROOT = iphoneos;
				SWIFT_OPTIMIZATION_LEVEL = "-Onone";
			};
			name = Debug;
		};
		54F9EA5F1A0831D7009DC930 /* Release */ = {
			isa = XCBuildConfiguration;
			buildSettings = {
				ALWAYS_SEARCH_USER_PATHS = NO;
				CLANG_CXX_LANGUAGE_STANDARD = "gnu++0x";
				CLANG_CXX_LIBRARY = "libc++";
				CLANG_ENABLE_MODULES = YES;
				CLANG_ENABLE_OBJC_ARC = YES;
				CLANG_WARN_BOOL_CONVERSION = YES;
				CLANG_WARN_CONSTANT_CONVERSION = YES;
				CLANG_WARN_DIRECT_OBJC_ISA_USAGE = YES_ERROR;
				CLANG_WARN_EMPTY_BODY = YES;
				CLANG_WARN_ENUM_CONVERSION = YES;
				CLANG_WARN_INT_CONVERSION = YES;
				CLANG_WARN_OBJC_ROOT_CLASS = YES_ERROR;
				CLANG_WARN_UNREACHABLE_CODE = YES;
				CLANG_WARN__DUPLICATE_METHOD_MATCH = YES;
				"CODE_SIGN_IDENTITY[sdk=iphoneos*]" = "iPhone Developer";
				COPY_PHASE_STRIP = YES;
				ENABLE_NS_ASSERTIONS = NO;
				ENABLE_STRICT_OBJC_MSGSEND = YES;
				GCC_C_LANGUAGE_STANDARD = gnu99;
				GCC_WARN_64_TO_32_BIT_CONVERSION = YES;
				GCC_WARN_ABOUT_RETURN_TYPE = YES_ERROR;
				GCC_WARN_UNDECLARED_SELECTOR = YES;
				GCC_WARN_UNINITIALIZED_AUTOS = YES_AGGRESSIVE;
				GCC_WARN_UNUSED_FUNCTION = YES;
				GCC_WARN_UNUSED_VARIABLE = YES;
				IPHONEOS_DEPLOYMENT_TARGET = 8.1;
				MTL_ENABLE_DEBUG_INFO = NO;
				SDKROOT = iphoneos;
				VALIDATE_PRODUCT = YES;
			};
			name = Release;
		};
		54F9EA611A0831D7009DC930 /* Debug */ = {
			isa = XCBuildConfiguration;
			baseConfigurationReference = 29F2E7F0C34C2A0CF88A76C6 /* Pods.debug.xcconfig */;
			buildSettings = {
				ASSETCATALOG_COMPILER_APPICON_NAME = AppIcon;
				CODE_SIGN_IDENTITY = "iPhone Developer";
				ENABLE_BITCODE = NO;
				INFOPLIST_FILE = SettlePad/Info.plist;
				IPHONEOS_DEPLOYMENT_TARGET = 8.0;
				LD_RUNPATH_SEARCH_PATHS = "$(inherited) @executable_path/Frameworks";
				OTHER_SWIFT_FLAGS = "$(inherited) -DDEBUG \"-D\" \"COCOAPODS\"";
				PRODUCT_BUNDLE_IDENTIFIER = "SettlePad.$(PRODUCT_NAME:rfc1034identifier)";
				PRODUCT_NAME = SettlePad;
				PROVISIONING_PROFILE = "";
				SWIFT_OBJC_BRIDGING_HEADER = "SettlePad/Bridging-Header.h";
				TARGETED_DEVICE_FAMILY = "1,2";
			};
			name = Debug;
		};
		54F9EA621A0831D7009DC930 /* Release */ = {
			isa = XCBuildConfiguration;
			baseConfigurationReference = 215E8C80B2C09993400EE9F6 /* Pods.release.xcconfig */;
			buildSettings = {
				ASSETCATALOG_COMPILER_APPICON_NAME = AppIcon;
				CODE_SIGN_IDENTITY = "iPhone Distribution";
				ENABLE_BITCODE = NO;
				INFOPLIST_FILE = SettlePad/Info.plist;
				IPHONEOS_DEPLOYMENT_TARGET = 8.0;
				LD_RUNPATH_SEARCH_PATHS = "$(inherited) @executable_path/Frameworks";
				OTHER_SWIFT_FLAGS = "$(inherited) -DRELEASE \"-D\" \"COCOAPODS\"";
				PRODUCT_BUNDLE_IDENTIFIER = "SettlePad.$(PRODUCT_NAME:rfc1034identifier)";
				PRODUCT_NAME = SettlePad;
				PROVISIONING_PROFILE = "";
				SWIFT_OBJC_BRIDGING_HEADER = "SettlePad/Bridging-Header.h";
				TARGETED_DEVICE_FAMILY = "1,2";
			};
			name = Release;
		};
		54F9EA641A0831D7009DC930 /* Debug */ = {
			isa = XCBuildConfiguration;
			buildSettings = {
				BUNDLE_LOADER = "$(TEST_HOST)";
				CODE_SIGN_IDENTITY = "iPhone Developer";
				"CODE_SIGN_IDENTITY[sdk=iphoneos*]" = "iPhone Developer";
				FRAMEWORK_SEARCH_PATHS = "$(inherited)";
				GCC_PREPROCESSOR_DEFINITIONS = (
					"DEBUG=1",
					"$(inherited)",
				);
				INFOPLIST_FILE = SettlePadTests/Info.plist;
				LD_RUNPATH_SEARCH_PATHS = "$(inherited) @executable_path/Frameworks @loader_path/Frameworks";
				PRODUCT_BUNDLE_IDENTIFIER = "SettlePad.$(PRODUCT_NAME:rfc1034identifier)";
				PRODUCT_NAME = SettlePadTests;
				PROVISIONING_PROFILE = "";
				TEST_HOST = "$(BUILT_PRODUCTS_DIR)/SettlePad.app/SettlePad";
			};
			name = Debug;
		};
		54F9EA651A0831D7009DC930 /* Release */ = {
			isa = XCBuildConfiguration;
			buildSettings = {
				BUNDLE_LOADER = "$(TEST_HOST)";
				CODE_SIGN_IDENTITY = "iPhone Developer";
				"CODE_SIGN_IDENTITY[sdk=iphoneos*]" = "iPhone Developer";
				FRAMEWORK_SEARCH_PATHS = "$(inherited)";
				INFOPLIST_FILE = SettlePadTests/Info.plist;
				LD_RUNPATH_SEARCH_PATHS = "$(inherited) @executable_path/Frameworks @loader_path/Frameworks";
				PRODUCT_BUNDLE_IDENTIFIER = "SettlePad.$(PRODUCT_NAME:rfc1034identifier)";
				PRODUCT_NAME = SettlePadTests;
				PROVISIONING_PROFILE = "";
				TEST_HOST = "$(BUILT_PRODUCTS_DIR)/SettlePad.app/SettlePad";
			};
			name = Release;
		};
/* End XCBuildConfiguration section */

/* Begin XCConfigurationList section */
		54F9EA3C1A0831D7009DC930 /* Build configuration list for PBXProject "SettlePad" */ = {
			isa = XCConfigurationList;
			buildConfigurations = (
				54F9EA5E1A0831D7009DC930 /* Debug */,
				54F9EA5F1A0831D7009DC930 /* Release */,
			);
			defaultConfigurationIsVisible = 0;
			defaultConfigurationName = Release;
		};
		54F9EA601A0831D7009DC930 /* Build configuration list for PBXNativeTarget "SettlePad" */ = {
			isa = XCConfigurationList;
			buildConfigurations = (
				54F9EA611A0831D7009DC930 /* Debug */,
				54F9EA621A0831D7009DC930 /* Release */,
			);
			defaultConfigurationIsVisible = 0;
			defaultConfigurationName = Release;
		};
		54F9EA631A0831D7009DC930 /* Build configuration list for PBXNativeTarget "SettlePadTests" */ = {
			isa = XCConfigurationList;
			buildConfigurations = (
				54F9EA641A0831D7009DC930 /* Debug */,
				54F9EA651A0831D7009DC930 /* Release */,
			);
			defaultConfigurationIsVisible = 0;
			defaultConfigurationName = Release;
		};
/* End XCConfigurationList section */
	};
	rootObject = 54F9EA391A0831D7009DC930 /* Project object */;
}
